// !$*UTF8*$!
{
	archiveVersion = 1;
	classes = {
	};
	objectVersion = 46;
	objects = {

/* Begin PBXBuildFile section */
		6E86F953FAB9F6F861FDAE94 /* Pods_Hillo.framework in Frameworks */ = {isa = PBXBuildFile; fileRef = 045EB7EBEA4E7EA8F65ACE13 /* Pods_Hillo.framework */; };
		C613DB0A1F3B671800B6C4A0 /* AppDelegate.swift in Sources */ = {isa = PBXBuildFile; fileRef = C613DB091F3B671800B6C4A0 /* AppDelegate.swift */; };
		C613DB0C1F3B671800B6C4A0 /* ViewController.swift in Sources */ = {isa = PBXBuildFile; fileRef = C613DB0B1F3B671800B6C4A0 /* ViewController.swift */; };
		C613DB0F1F3B671800B6C4A0 /* Main.storyboard in Resources */ = {isa = PBXBuildFile; fileRef = C613DB0D1F3B671800B6C4A0 /* Main.storyboard */; };
		C613DB111F3B671800B6C4A0 /* Assets.xcassets in Resources */ = {isa = PBXBuildFile; fileRef = C613DB101F3B671800B6C4A0 /* Assets.xcassets */; };
		C613DB141F3B671800B6C4A0 /* LaunchScreen.storyboard in Resources */ = {isa = PBXBuildFile; fileRef = C613DB121F3B671800B6C4A0 /* LaunchScreen.storyboard */; };
		C613DB1C1F3B675700B6C4A0 /* GoogleService-Info.plist in Resources */ = {isa = PBXBuildFile; fileRef = C613DB1B1F3B675700B6C4A0 /* GoogleService-Info.plist */; };
		C690DFCB1F3F15E20061A678 /* ProfileViewController.swift in Sources */ = {isa = PBXBuildFile; fileRef = C690DFCA1F3F15E20061A678 /* ProfileViewController.swift */; };
		C690DFCF1F3F481A0061A678 /* Core.swift in Sources */ = {isa = PBXBuildFile; fileRef = C690DFCE1F3F481A0061A678 /* Core.swift */; };
		C6ACF5F71F3BAB47001D9819 /* SignUpFormViewController.swift in Sources */ = {isa = PBXBuildFile; fileRef = C6ACF5F61F3BAB47001D9819 /* SignUpFormViewController.swift */; };
		C6ACF5F91F3BAE29001D9819 /* SignInFormViewController.swift in Sources */ = {isa = PBXBuildFile; fileRef = C6ACF5F81F3BAE29001D9819 /* SignInFormViewController.swift */; };
		C6DFA2741F4372C900EF7B5D /* AuthPro.swift in Sources */ = {isa = PBXBuildFile; fileRef = C6DFA2731F4372C900EF7B5D /* AuthPro.swift */; };
		C6DFA2761F438A0D00EF7B5D /* CloudDatabase.swift in Sources */ = {isa = PBXBuildFile; fileRef = C6DFA2751F438A0D00EF7B5D /* CloudDatabase.swift */; };
		C6DFA27A1F438BB700EF7B5D /* Constants.swift in Sources */ = {isa = PBXBuildFile; fileRef = C6DFA2791F438BB700EF7B5D /* Constants.swift */; };
/* End PBXBuildFile section */

/* Begin PBXFileReference section */
		045EB7EBEA4E7EA8F65ACE13 /* Pods_Hillo.framework */ = {isa = PBXFileReference; explicitFileType = wrapper.framework; includeInIndex = 0; path = Pods_Hillo.framework; sourceTree = BUILT_PRODUCTS_DIR; };
		A9F79AEA6EFB6CFBD4923059 /* Pods-Hillo.debug.xcconfig */ = {isa = PBXFileReference; includeInIndex = 1; lastKnownFileType = text.xcconfig; name = "Pods-Hillo.debug.xcconfig"; path = "Pods/Target Support Files/Pods-Hillo/Pods-Hillo.debug.xcconfig"; sourceTree = "<group>"; };
		B70FAEC4E34265BB84FEA149 /* Pods-Hillo.release.xcconfig */ = {isa = PBXFileReference; includeInIndex = 1; lastKnownFileType = text.xcconfig; name = "Pods-Hillo.release.xcconfig"; path = "Pods/Target Support Files/Pods-Hillo/Pods-Hillo.release.xcconfig"; sourceTree = "<group>"; };
		C613DB061F3B671800B6C4A0 /* Hillo.app */ = {isa = PBXFileReference; explicitFileType = wrapper.application; includeInIndex = 0; path = Hillo.app; sourceTree = BUILT_PRODUCTS_DIR; };
		C613DB091F3B671800B6C4A0 /* AppDelegate.swift */ = {isa = PBXFileReference; lastKnownFileType = sourcecode.swift; path = AppDelegate.swift; sourceTree = "<group>"; };
		C613DB0B1F3B671800B6C4A0 /* ViewController.swift */ = {isa = PBXFileReference; lastKnownFileType = sourcecode.swift; path = ViewController.swift; sourceTree = "<group>"; };
		C613DB0E1F3B671800B6C4A0 /* Base */ = {isa = PBXFileReference; lastKnownFileType = file.storyboard; name = Base; path = Base.lproj/Main.storyboard; sourceTree = "<group>"; };
		C613DB101F3B671800B6C4A0 /* Assets.xcassets */ = {isa = PBXFileReference; lastKnownFileType = folder.assetcatalog; path = Assets.xcassets; sourceTree = "<group>"; };
		C613DB131F3B671800B6C4A0 /* Base */ = {isa = PBXFileReference; lastKnownFileType = file.storyboard; name = Base; path = Base.lproj/LaunchScreen.storyboard; sourceTree = "<group>"; };
		C613DB151F3B671800B6C4A0 /* Info.plist */ = {isa = PBXFileReference; lastKnownFileType = text.plist.xml; path = Info.plist; sourceTree = "<group>"; };
		C613DB1B1F3B675700B6C4A0 /* GoogleService-Info.plist */ = {isa = PBXFileReference; fileEncoding = 4; lastKnownFileType = text.plist.xml; path = "GoogleService-Info.plist"; sourceTree = "<group>"; };
		C690DFCA1F3F15E20061A678 /* ProfileViewController.swift */ = {isa = PBXFileReference; fileEncoding = 4; lastKnownFileType = sourcecode.swift; path = ProfileViewController.swift; sourceTree = "<group>"; };
		C690DFCE1F3F481A0061A678 /* Core.swift */ = {isa = PBXFileReference; fileEncoding = 4; lastKnownFileType = sourcecode.swift; path = Core.swift; sourceTree = "<group>"; };
		C6ACF5F61F3BAB47001D9819 /* SignUpFormViewController.swift */ = {isa = PBXFileReference; fileEncoding = 4; lastKnownFileType = sourcecode.swift; path = SignUpFormViewController.swift; sourceTree = "<group>"; };
		C6ACF5F81F3BAE29001D9819 /* SignInFormViewController.swift */ = {isa = PBXFileReference; fileEncoding = 4; lastKnownFileType = sourcecode.swift; path = SignInFormViewController.swift; sourceTree = "<group>"; };
		C6DFA2731F4372C900EF7B5D /* AuthPro.swift */ = {isa = PBXFileReference; fileEncoding = 4; lastKnownFileType = sourcecode.swift; path = AuthPro.swift; sourceTree = "<group>"; };
		C6DFA2751F438A0D00EF7B5D /* CloudDatabase.swift */ = {isa = PBXFileReference; fileEncoding = 4; lastKnownFileType = sourcecode.swift; path = CloudDatabase.swift; sourceTree = "<group>"; };
		C6DFA2791F438BB700EF7B5D /* Constants.swift */ = {isa = PBXFileReference; fileEncoding = 4; lastKnownFileType = sourcecode.swift; path = Constants.swift; sourceTree = "<group>"; };
/* End PBXFileReference section */

/* Begin PBXFrameworksBuildPhase section */
		C613DB031F3B671800B6C4A0 /* Frameworks */ = {
			isa = PBXFrameworksBuildPhase;
			buildActionMask = 2147483647;
			files = (
				6E86F953FAB9F6F861FDAE94 /* Pods_Hillo.framework in Frameworks */,
			);
			runOnlyForDeploymentPostprocessing = 0;
		};
/* End PBXFrameworksBuildPhase section */

/* Begin PBXGroup section */
		871D922954006A31C7E517B2 /* Frameworks */ = {
			isa = PBXGroup;
			children = (
				045EB7EBEA4E7EA8F65ACE13 /* Pods_Hillo.framework */,
			);
			name = Frameworks;
			sourceTree = "<group>";
		};
		A7AF7A1645420A38045A0587 /* Pods */ = {
			isa = PBXGroup;
			children = (
				A9F79AEA6EFB6CFBD4923059 /* Pods-Hillo.debug.xcconfig */,
				B70FAEC4E34265BB84FEA149 /* Pods-Hillo.release.xcconfig */,
			);
			name = Pods;
			sourceTree = "<group>";
		};
		C613DAFD1F3B671800B6C4A0 = {
			isa = PBXGroup;
			children = (
				C613DB081F3B671800B6C4A0 /* Hillo */,
				C613DB071F3B671800B6C4A0 /* Products */,
				A7AF7A1645420A38045A0587 /* Pods */,
				871D922954006A31C7E517B2 /* Frameworks */,
			);
			sourceTree = "<group>";
		};
		C613DB071F3B671800B6C4A0 /* Products */ = {
			isa = PBXGroup;
			children = (
				C613DB061F3B671800B6C4A0 /* Hillo.app */,
			);
			name = Products;
			sourceTree = "<group>";
		};
		C613DB081F3B671800B6C4A0 /* Hillo */ = {
			isa = PBXGroup;
			children = (
				C6DFA2701F4320C200EF7B5D /* Plugins */,
				C6DFA26F1F4320B600EF7B5D /* Controller */,
				C6DFA26E1F4320B000EF7B5D /* View */,
				C6DFA26D1F4320A400EF7B5D /* Model */,
				C613DB091F3B671800B6C4A0 /* AppDelegate.swift */,
				C613DB0D1F3B671800B6C4A0 /* Main.storyboard */,
				C613DB101F3B671800B6C4A0 /* Assets.xcassets */,
				C613DB121F3B671800B6C4A0 /* LaunchScreen.storyboard */,
				C613DB151F3B671800B6C4A0 /* Info.plist */,
				C613DB1B1F3B675700B6C4A0 /* GoogleService-Info.plist */,
			);
			path = Hillo;
			sourceTree = "<group>";
		};
		C6DFA26D1F4320A400EF7B5D /* Model */ = {
			isa = PBXGroup;
			children = (
				C690DFCE1F3F481A0061A678 /* Core.swift */,
			);
			name = Model;
			sourceTree = "<group>";
		};
		C6DFA26E1F4320B000EF7B5D /* View */ = {
			isa = PBXGroup;
			children = (
			);
			name = View;
			sourceTree = "<group>";
		};
		C6DFA26F1F4320B600EF7B5D /* Controller */ = {
			isa = PBXGroup;
			children = (
				C613DB0B1F3B671800B6C4A0 /* ViewController.swift */,
				C6ACF5F61F3BAB47001D9819 /* SignUpFormViewController.swift */,
				C6ACF5F81F3BAE29001D9819 /* SignInFormViewController.swift */,
				C690DFCA1F3F15E20061A678 /* ProfileViewController.swift */,
			);
			name = Controller;
			sourceTree = "<group>";
		};
		C6DFA2701F4320C200EF7B5D /* Plugins */ = {
			isa = PBXGroup;
			children = (
				C6DFA2731F4372C900EF7B5D /* AuthPro.swift */,
				C6DFA2751F438A0D00EF7B5D /* CloudDatabase.swift */,
				C6DFA2791F438BB700EF7B5D /* Constants.swift */,
			);
			name = Plugins;
			sourceTree = "<group>";
		};
/* End PBXGroup section */

/* Begin PBXNativeTarget section */
		C613DB051F3B671800B6C4A0 /* Hillo */ = {
			isa = PBXNativeTarget;
			buildConfigurationList = C613DB181F3B671800B6C4A0 /* Build configuration list for PBXNativeTarget "Hillo" */;
			buildPhases = (
				25BE0D6F0DF427DE9A4723D2 /* [CP] Check Pods Manifest.lock */,
				C613DB021F3B671800B6C4A0 /* Sources */,
				C613DB031F3B671800B6C4A0 /* Frameworks */,
				C613DB041F3B671800B6C4A0 /* Resources */,
				6F0B9272BF0A50FD95277A4B /* [CP] Embed Pods Frameworks */,
				A026ECA798338BE50B308650 /* [CP] Copy Pods Resources */,
			);
			buildRules = (
			);
			dependencies = (
			);
			name = Hillo;
			productName = Hillo;
			productReference = C613DB061F3B671800B6C4A0 /* Hillo.app */;
			productType = "com.apple.product-type.application";
		};
/* End PBXNativeTarget section */

/* Begin PBXProject section */
		C613DAFE1F3B671800B6C4A0 /* Project object */ = {
			isa = PBXProject;
			attributes = {
				LastSwiftUpdateCheck = 0830;
				LastUpgradeCheck = 0830;
				ORGANIZATIONNAME = Armin;
				TargetAttributes = {
					C613DB051F3B671800B6C4A0 = {
						CreatedOnToolsVersion = 8.3.3;
						DevelopmentTeam = KH26NVSZH5;
						ProvisioningStyle = Automatic;
						SystemCapabilities = {
							com.apple.Keychain = {
								enabled = 0;
							};
						};
					};
				};
			};
			buildConfigurationList = C613DB011F3B671800B6C4A0 /* Build configuration list for PBXProject "Hillo" */;
			compatibilityVersion = "Xcode 3.2";
			developmentRegion = English;
			hasScannedForEncodings = 0;
			knownRegions = (
				en,
				Base,
			);
			mainGroup = C613DAFD1F3B671800B6C4A0;
			productRefGroup = C613DB071F3B671800B6C4A0 /* Products */;
			projectDirPath = "";
			projectRoot = "";
			targets = (
				C613DB051F3B671800B6C4A0 /* Hillo */,
			);
		};
/* End PBXProject section */

/* Begin PBXResourcesBuildPhase section */
		C613DB041F3B671800B6C4A0 /* Resources */ = {
			isa = PBXResourcesBuildPhase;
			buildActionMask = 2147483647;
			files = (
				C613DB141F3B671800B6C4A0 /* LaunchScreen.storyboard in Resources */,
				C613DB1C1F3B675700B6C4A0 /* GoogleService-Info.plist in Resources */,
				C613DB111F3B671800B6C4A0 /* Assets.xcassets in Resources */,
				C613DB0F1F3B671800B6C4A0 /* Main.storyboard in Resources */,
			);
			runOnlyForDeploymentPostprocessing = 0;
		};
/* End PBXResourcesBuildPhase section */

/* Begin PBXShellScriptBuildPhase section */
		25BE0D6F0DF427DE9A4723D2 /* [CP] Check Pods Manifest.lock */ = {
			isa = PBXShellScriptBuildPhase;
			buildActionMask = 2147483647;
			files = (
			);
			inputPaths = (
			);
			name = "[CP] Check Pods Manifest.lock";
			outputPaths = (
			);
			runOnlyForDeploymentPostprocessing = 0;
			shellPath = /bin/sh;
			shellScript = "diff \"${PODS_ROOT}/../Podfile.lock\" \"${PODS_ROOT}/Manifest.lock\" > /dev/null\nif [ $? != 0 ] ; then\n    # print error to STDERR\n    echo \"error: The sandbox is not in sync with the Podfile.lock. Run 'pod install' or update your CocoaPods installation.\" >&2\n    exit 1\nfi\n";
			showEnvVarsInLog = 0;
		};
		6F0B9272BF0A50FD95277A4B /* [CP] Embed Pods Frameworks */ = {
			isa = PBXShellScriptBuildPhase;
			buildActionMask = 2147483647;
			files = (
			);
			inputPaths = (
			);
			name = "[CP] Embed Pods Frameworks";
			outputPaths = (
			);
			runOnlyForDeploymentPostprocessing = 0;
			shellPath = /bin/sh;
			shellScript = "\"${SRCROOT}/Pods/Target Support Files/Pods-Hillo/Pods-Hillo-frameworks.sh\"\n";
			showEnvVarsInLog = 0;
		};
		A026ECA798338BE50B308650 /* [CP] Copy Pods Resources */ = {
			isa = PBXShellScriptBuildPhase;
			buildActionMask = 2147483647;
			files = (
			);
			inputPaths = (
			);
			name = "[CP] Copy Pods Resources";
			outputPaths = (
			);
			runOnlyForDeploymentPostprocessing = 0;
			shellPath = /bin/sh;
			shellScript = "\"${SRCROOT}/Pods/Target Support Files/Pods-Hillo/Pods-Hillo-resources.sh\"\n";
			showEnvVarsInLog = 0;
		};
/* End PBXShellScriptBuildPhase section */

/* Begin PBXSourcesBuildPhase section */
		C613DB021F3B671800B6C4A0 /* Sources */ = {
			isa = PBXSourcesBuildPhase;
			buildActionMask = 2147483647;
			files = (
				C690DFCF1F3F481A0061A678 /* Core.swift in Sources */,
				C6ACF5F91F3BAE29001D9819 /* SignInFormViewController.swift in Sources */,
				C6DFA2761F438A0D00EF7B5D /* CloudDatabase.swift in Sources */,
				C613DB0C1F3B671800B6C4A0 /* ViewController.swift in Sources */,
				C690DFCB1F3F15E20061A678 /* ProfileViewController.swift in Sources */,
				C6DFA2741F4372C900EF7B5D /* AuthPro.swift in Sources */,
				C6ACF5F71F3BAB47001D9819 /* SignUpFormViewController.swift in Sources */,
				C613DB0A1F3B671800B6C4A0 /* AppDelegate.swift in Sources */,
				C6DFA27A1F438BB700EF7B5D /* Constants.swift in Sources */,
			);
			runOnlyForDeploymentPostprocessing = 0;
		};
/* End PBXSourcesBuildPhase section */

/* Begin PBXVariantGroup section */
		C613DB0D1F3B671800B6C4A0 /* Main.storyboard */ = {
			isa = PBXVariantGroup;
			children = (
				C613DB0E1F3B671800B6C4A0 /* Base */,
			);
			name = Main.storyboard;
			sourceTree = "<group>";
		};
		C613DB121F3B671800B6C4A0 /* LaunchScreen.storyboard */ = {
			isa = PBXVariantGroup;
			children = (
				C613DB131F3B671800B6C4A0 /* Base */,
			);
			name = LaunchScreen.storyboard;
			sourceTree = "<group>";
		};
/* End PBXVariantGroup section */

/* Begin XCBuildConfiguration section */
		C613DB161F3B671800B6C4A0 /* Debug */ = {
			isa = XCBuildConfiguration;
			buildSettings = {
				ALWAYS_SEARCH_USER_PATHS = NO;
				CLANG_ANALYZER_NONNULL = YES;
				CLANG_ANALYZER_NUMBER_OBJECT_CONVERSION = YES_AGGRESSIVE;
				CLANG_CXX_LANGUAGE_STANDARD = "gnu++0x";
				CLANG_CXX_LIBRARY = "libc++";
				CLANG_ENABLE_MODULES = YES;
				CLANG_ENABLE_OBJC_ARC = YES;
				CLANG_WARN_BOOL_CONVERSION = YES;
				CLANG_WARN_CONSTANT_CONVERSION = YES;
				CLANG_WARN_DIRECT_OBJC_ISA_USAGE = YES_ERROR;
				CLANG_WARN_DOCUMENTATION_COMMENTS = YES;
				CLANG_WARN_EMPTY_BODY = YES;
				CLANG_WARN_ENUM_CONVERSION = YES;
				CLANG_WARN_INFINITE_RECURSION = YES;
				CLANG_WARN_INT_CONVERSION = YES;
				CLANG_WARN_OBJC_ROOT_CLASS = YES_ERROR;
				CLANG_WARN_SUSPICIOUS_MOVE = YES;
				CLANG_WARN_UNREACHABLE_CODE = YES;
				CLANG_WARN__DUPLICATE_METHOD_MATCH = YES;
				"CODE_SIGN_IDENTITY[sdk=iphoneos*]" = "iPhone Developer";
				COPY_PHASE_STRIP = NO;
				DEBUG_INFORMATION_FORMAT = dwarf;
				ENABLE_STRICT_OBJC_MSGSEND = YES;
				ENABLE_TESTABILITY = YES;
				GCC_C_LANGUAGE_STANDARD = gnu99;
				GCC_DYNAMIC_NO_PIC = NO;
				GCC_NO_COMMON_BLOCKS = YES;
				GCC_OPTIMIZATION_LEVEL = 0;
				GCC_PREPROCESSOR_DEFINITIONS = (
					"DEBUG=1",
					"$(inherited)",
				);
				GCC_WARN_64_TO_32_BIT_CONVERSION = YES;
				GCC_WARN_ABOUT_RETURN_TYPE = YES_ERROR;
				GCC_WARN_UNDECLARED_SELECTOR = YES;
				GCC_WARN_UNINITIALIZED_AUTOS = YES_AGGRESSIVE;
				GCC_WARN_UNUSED_FUNCTION = YES;
				GCC_WARN_UNUSED_VARIABLE = YES;
				IPHONEOS_DEPLOYMENT_TARGET = 10.3;
				MTL_ENABLE_DEBUG_INFO = YES;
				ONLY_ACTIVE_ARCH = YES;
				SDKROOT = iphoneos;
				SWIFT_ACTIVE_COMPILATION_CONDITIONS = DEBUG;
				SWIFT_OPTIMIZATION_LEVEL = "-Onone";
				TARGETED_DEVICE_FAMILY = "1,2";
			};
			name = Debug;
		};
		C613DB171F3B671800B6C4A0 /* Release */ = {
			isa = XCBuildConfiguration;
			buildSettings = {
				ALWAYS_SEARCH_USER_PATHS = NO;
				CLANG_ANALYZER_NONNULL = YES;
				CLANG_ANALYZER_NUMBER_OBJECT_CONVERSION = YES_AGGRESSIVE;
				CLANG_CXX_LANGUAGE_STANDARD = "gnu++0x";
				CLANG_CXX_LIBRARY = "libc++";
				CLANG_ENABLE_MODULES = YES;
				CLANG_ENABLE_OBJC_ARC = YES;
				CLANG_WARN_BOOL_CONVERSION = YES;
				CLANG_WARN_CONSTANT_CONVERSION = YES;
				CLANG_WARN_DIRECT_OBJC_ISA_USAGE = YES_ERROR;
				CLANG_WARN_DOCUMENTATION_COMMENTS = YES;
				CLANG_WARN_EMPTY_BODY = YES;
				CLANG_WARN_ENUM_CONVERSION = YES;
				CLANG_WARN_INFINITE_RECURSION = YES;
				CLANG_WARN_INT_CONVERSION = YES;
				CLANG_WARN_OBJC_ROOT_CLASS = YES_ERROR;
				CLANG_WARN_SUSPICIOUS_MOVE = YES;
				CLANG_WARN_UNREACHABLE_CODE = YES;
				CLANG_WARN__DUPLICATE_METHOD_MATCH = YES;
				"CODE_SIGN_IDENTITY[sdk=iphoneos*]" = "iPhone Developer";
				COPY_PHASE_STRIP = NO;
				DEBUG_INFORMATION_FORMAT = "dwarf-with-dsym";
				ENABLE_NS_ASSERTIONS = NO;
				ENABLE_STRICT_OBJC_MSGSEND = YES;
				GCC_C_LANGUAGE_STANDARD = gnu99;
				GCC_NO_COMMON_BLOCKS = YES;
				GCC_WARN_64_TO_32_BIT_CONVERSION = YES;
				GCC_WARN_ABOUT_RETURN_TYPE = YES_ERROR;
				GCC_WARN_UNDECLARED_SELECTOR = YES;
				GCC_WARN_UNINITIALIZED_AUTOS = YES_AGGRESSIVE;
				GCC_WARN_UNUSED_FUNCTION = YES;
				GCC_WARN_UNUSED_VARIABLE = YES;
				IPHONEOS_DEPLOYMENT_TARGET = 10.3;
				MTL_ENABLE_DEBUG_INFO = NO;
				SDKROOT = iphoneos;
				SWIFT_OPTIMIZATION_LEVEL = "-Owholemodule";
				TARGETED_DEVICE_FAMILY = "1,2";
				VALIDATE_PRODUCT = YES;
			};
			name = Release;
		};
		C613DB191F3B671800B6C4A0 /* Debug */ = {
			isa = XCBuildConfiguration;
			baseConfigurationReference = A9F79AEA6EFB6CFBD4923059 /* Pods-Hillo.debug.xcconfig */;
			buildSettings = {
				ASSETCATALOG_COMPILER_APPICON_NAME = AppIcon;
				DEVELOPMENT_TEAM = KH26NVSZH5;
				INFOPLIST_FILE = Hillo/Info.plist;
				LD_RUNPATH_SEARCH_PATHS = "$(inherited) @executable_path/Frameworks";
				PRODUCT_BUNDLE_IDENTIFIER = com.Armin.Hillo;
				PRODUCT_NAME = "$(TARGET_NAME)";
				SWIFT_VERSION = 3.0;
			};
			name = Debug;
		};
		C613DB1A1F3B671800B6C4A0 /* Release */ = {
			isa = XCBuildConfiguration;
			baseConfigurationReference = B70FAEC4E34265BB84FEA149 /* Pods-Hillo.release.xcconfig */;
			buildSettings = {
				ASSETCATALOG_COMPILER_APPICON_NAME = AppIcon;
				DEVELOPMENT_TEAM = KH26NVSZH5;
				INFOPLIST_FILE = Hillo/Info.plist;
				LD_RUNPATH_SEARCH_PATHS = "$(inherited) @executable_path/Frameworks";
				PRODUCT_BUNDLE_IDENTIFIER = com.Armin.Hillo;
				PRODUCT_NAME = "$(TARGET_NAME)";
				SWIFT_VERSION = 3.0;
			};
			name = Release;
		};
/* End XCBuildConfiguration section */

/* Begin XCConfigurationList section */
		C613DB011F3B671800B6C4A0 /* Build configuration list for PBXProject "Hillo" */ = {
			isa = XCConfigurationList;
			buildConfigurations = (
				C613DB161F3B671800B6C4A0 /* Debug */,
				C613DB171F3B671800B6C4A0 /* Release */,
			);
			defaultConfigurationIsVisible = 0;
			defaultConfigurationName = Release;
		};
		C613DB181F3B671800B6C4A0 /* Build configuration list for PBXNativeTarget "Hillo" */ = {
			isa = XCConfigurationList;
			buildConfigurations = (
				C613DB191F3B671800B6C4A0 /* Debug */,
				C613DB1A1F3B671800B6C4A0 /* Release */,
			);
			defaultConfigurationIsVisible = 0;
			defaultConfigurationName = Release;
		};
/* End XCConfigurationList section */
	};
	rootObject = C613DAFE1F3B671800B6C4A0 /* Project object */;
}
